// !$*UTF8*$!
{
	archiveVersion = 1;
	classes = {
	};
	objectVersion = 50;
	objects = {

/* Begin PBXBuildFile section */
		3D1234E6238E5B7200667B04 /* NewImagePicker.swift in Sources */ = {isa = PBXBuildFile; fileRef = 3D1234E5238E5B7200667B04 /* NewImagePicker.swift */; };
		3D1234E92390111900667B04 /* NewImageSaver.swift in Sources */ = {isa = PBXBuildFile; fileRef = 3D1234E82390111900667B04 /* NewImageSaver.swift */; };
		3D57E667254D97A400DA53B4 /* BlurredTextViewBasic.swift in Sources */ = {isa = PBXBuildFile; fileRef = 3D57E666254D97A400DA53B4 /* BlurredTextViewBasic.swift */; };
		3D9EB448238BBD4900B78332 /* CoreImageView.swift in Sources */ = {isa = PBXBuildFile; fileRef = 3D9EB447238BBD4900B78332 /* CoreImageView.swift */; };
		3D9EB44A238C04A500B78332 /* ImagePicker.swift in Sources */ = {isa = PBXBuildFile; fileRef = 3D9EB449238C04A500B78332 /* ImagePicker.swift */; };
		3D9EB44C238C074400B78332 /* ImagePickerView.swift in Sources */ = {isa = PBXBuildFile; fileRef = 3D9EB44B238C074400B78332 /* ImagePickerView.swift */; };
		3DBD7D64238A90E20032DE6C /* AppDelegate.swift in Sources */ = {isa = PBXBuildFile; fileRef = 3DBD7D63238A90E20032DE6C /* AppDelegate.swift */; };
		3DBD7D66238A90E20032DE6C /* SceneDelegate.swift in Sources */ = {isa = PBXBuildFile; fileRef = 3DBD7D65238A90E20032DE6C /* SceneDelegate.swift */; };
		3DBD7D68238A90E20032DE6C /* ContentView.swift in Sources */ = {isa = PBXBuildFile; fileRef = 3DBD7D67238A90E20032DE6C /* ContentView.swift */; };
		3DBD7D6A238A90E80032DE6C /* Assets.xcassets in Resources */ = {isa = PBXBuildFile; fileRef = 3DBD7D69238A90E80032DE6C /* Assets.xcassets */; };
		3DBD7D6D238A90E80032DE6C /* Preview Assets.xcassets in Resources */ = {isa = PBXBuildFile; fileRef = 3DBD7D6C238A90E80032DE6C /* Preview Assets.xcassets */; };
		3DBD7D70238A90E80032DE6C /* LaunchScreen.storyboard in Resources */ = {isa = PBXBuildFile; fileRef = 3DBD7D6E238A90E80032DE6C /* LaunchScreen.storyboard */; };
		3DBD7D78238A92790032DE6C /* BlurredTextCustomBindingView.swift in Sources */ = {isa = PBXBuildFile; fileRef = 3DBD7D77238A92790032DE6C /* BlurredTextCustomBindingView.swift */; };
		3DBD7D7A238AB46C0032DE6C /* ActionSheetView.swift in Sources */ = {isa = PBXBuildFile; fileRef = 3DBD7D79238AB46C0032DE6C /* ActionSheetView.swift */; };
/* End PBXBuildFile section */

/* Begin PBXFileReference section */
		3D1234E5238E5B7200667B04 /* NewImagePicker.swift */ = {isa = PBXFileReference; lastKnownFileType = sourcecode.swift; path = NewImagePicker.swift; sourceTree = "<group>"; };
		3D1234E82390111900667B04 /* NewImageSaver.swift */ = {isa = PBXFileReference; lastKnownFileType = sourcecode.swift; path = NewImageSaver.swift; sourceTree = "<group>"; };
		3D57E666254D97A400DA53B4 /* BlurredTextViewBasic.swift */ = {isa = PBXFileReference; fileEncoding = 4; lastKnownFileType = sourcecode.swift; path = BlurredTextViewBasic.swift; sourceTree = "<group>"; };
		3D9EB447238BBD4900B78332 /* CoreImageView.swift */ = {isa = PBXFileReference; lastKnownFileType = sourcecode.swift; path = CoreImageView.swift; sourceTree = "<group>"; };
		3D9EB449238C04A500B78332 /* ImagePicker.swift */ = {isa = PBXFileReference; lastKnownFileType = sourcecode.swift; path = ImagePicker.swift; sourceTree = "<group>"; };
		3D9EB44B238C074400B78332 /* ImagePickerView.swift */ = {isa = PBXFileReference; lastKnownFileType = sourcecode.swift; path = ImagePickerView.swift; sourceTree = "<group>"; };
		3DBD7D60238A90E20032DE6C /* Instafilter.app */ = {isa = PBXFileReference; explicitFileType = wrapper.application; includeInIndex = 0; path = Instafilter.app; sourceTree = BUILT_PRODUCTS_DIR; };
		3DBD7D63238A90E20032DE6C /* AppDelegate.swift */ = {isa = PBXFileReference; lastKnownFileType = sourcecode.swift; path = AppDelegate.swift; sourceTree = "<group>"; };
		3DBD7D65238A90E20032DE6C /* SceneDelegate.swift */ = {isa = PBXFileReference; lastKnownFileType = sourcecode.swift; path = SceneDelegate.swift; sourceTree = "<group>"; };
		3DBD7D67238A90E20032DE6C /* ContentView.swift */ = {isa = PBXFileReference; lastKnownFileType = sourcecode.swift; path = ContentView.swift; sourceTree = "<group>"; };
		3DBD7D69238A90E80032DE6C /* Assets.xcassets */ = {isa = PBXFileReference; lastKnownFileType = folder.assetcatalog; path = Assets.xcassets; sourceTree = "<group>"; };
		3DBD7D6C238A90E80032DE6C /* Preview Assets.xcassets */ = {isa = PBXFileReference; lastKnownFileType = folder.assetcatalog; path = "Preview Assets.xcassets"; sourceTree = "<group>"; };
		3DBD7D6F238A90E80032DE6C /* Base */ = {isa = PBXFileReference; lastKnownFileType = file.storyboard; name = Base; path = Base.lproj/LaunchScreen.storyboard; sourceTree = "<group>"; };
		3DBD7D71238A90E80032DE6C /* Info.plist */ = {isa = PBXFileReference; lastKnownFileType = text.plist.xml; path = Info.plist; sourceTree = "<group>"; };
		3DBD7D77238A92790032DE6C /* BlurredTextCustomBindingView.swift */ = {isa = PBXFileReference; lastKnownFileType = sourcecode.swift; path = BlurredTextCustomBindingView.swift; sourceTree = "<group>"; };
		3DBD7D79238AB46C0032DE6C /* ActionSheetView.swift */ = {isa = PBXFileReference; lastKnownFileType = sourcecode.swift; path = ActionSheetView.swift; sourceTree = "<group>"; };
/* End PBXFileReference section */

/* Begin PBXFrameworksBuildPhase section */
		3DBD7D5D238A90E20032DE6C /* Frameworks */ = {
			isa = PBXFrameworksBuildPhase;
			buildActionMask = 2147483647;
			files = (
			);
			runOnlyForDeploymentPostprocessing = 0;
		};
/* End PBXFrameworksBuildPhase section */

/* Begin PBXGroup section */
		3D1234E7238E5B9A00667B04 /* ProjectOverview */ = {
			isa = PBXGroup;
			children = (
				3D57E666254D97A400DA53B4 /* BlurredTextViewBasic.swift */,
				3DBD7D77238A92790032DE6C /* BlurredTextCustomBindingView.swift */,
				3DBD7D79238AB46C0032DE6C /* ActionSheetView.swift */,
				3D9EB447238BBD4900B78332 /* CoreImageView.swift */,
				3D9EB44B238C074400B78332 /* ImagePickerView.swift */,
				3D9EB449238C04A500B78332 /* ImagePicker.swift */,
			);
			path = ProjectOverview;
			sourceTree = "<group>";
		};
		3DBD7D57238A90E20032DE6C = {
			isa = PBXGroup;
			children = (
				3DBD7D62238A90E20032DE6C /* Instafilter */,
				3DBD7D61238A90E20032DE6C /* Products */,
			);
			sourceTree = "<group>";
		};
		3DBD7D61238A90E20032DE6C /* Products */ = {
			isa = PBXGroup;
			children = (
				3DBD7D60238A90E20032DE6C /* Instafilter.app */,
			);
			name = Products;
			sourceTree = "<group>";
		};
		3DBD7D62238A90E20032DE6C /* Instafilter */ = {
			isa = PBXGroup;
			children = (
				3DBD7D67238A90E20032DE6C /* ContentView.swift */,
				3D1234E82390111900667B04 /* NewImageSaver.swift */,
				3D1234E5238E5B7200667B04 /* NewImagePicker.swift */,
				3D1234E7238E5B9A00667B04 /* ProjectOverview */,
				3DBD7D69238A90E80032DE6C /* Assets.xcassets */,
				3DBD7D63238A90E20032DE6C /* AppDelegate.swift */,
				3DBD7D65238A90E20032DE6C /* SceneDelegate.swift */,
				3DBD7D6E238A90E80032DE6C /* LaunchScreen.storyboard */,
				3DBD7D71238A90E80032DE6C /* Info.plist */,
				3DBD7D6B238A90E80032DE6C /* Preview Content */,
			);
			path = Instafilter;
			sourceTree = "<group>";
		};
		3DBD7D6B238A90E80032DE6C /* Preview Content */ = {
			isa = PBXGroup;
			children = (
				3DBD7D6C238A90E80032DE6C /* Preview Assets.xcassets */,
			);
			path = "Preview Content";
			sourceTree = "<group>";
		};
/* End PBXGroup section */

/* Begin PBXNativeTarget section */
		3DBD7D5F238A90E20032DE6C /* Instafilter */ = {
			isa = PBXNativeTarget;
			buildConfigurationList = 3DBD7D74238A90E80032DE6C /* Build configuration list for PBXNativeTarget "Instafilter" */;
			buildPhases = (
				3DBD7D5C238A90E20032DE6C /* Sources */,
				3DBD7D5D238A90E20032DE6C /* Frameworks */,
				3DBD7D5E238A90E20032DE6C /* Resources */,
			);
			buildRules = (
			);
			dependencies = (
			);
			name = Instafilter;
			productName = Instafilter;
			productReference = 3DBD7D60238A90E20032DE6C /* Instafilter.app */;
			productType = "com.apple.product-type.application";
		};
/* End PBXNativeTarget section */

/* Begin PBXProject section */
		3DBD7D58238A90E20032DE6C /* Project object */ = {
			isa = PBXProject;
			attributes = {
				LastSwiftUpdateCheck = 1120;
				LastUpgradeCheck = 1210;
				ORGANIZATIONNAME = "William Spanfelner";
				TargetAttributes = {
					3DBD7D5F238A90E20032DE6C = {
						CreatedOnToolsVersion = 11.2.1;
					};
				};
			};
			buildConfigurationList = 3DBD7D5B238A90E20032DE6C /* Build configuration list for PBXProject "Instafilter" */;
			compatibilityVersion = "Xcode 9.3";
			developmentRegion = en;
			hasScannedForEncodings = 0;
			knownRegions = (
				en,
				Base,
			);
			mainGroup = 3DBD7D57238A90E20032DE6C;
			productRefGroup = 3DBD7D61238A90E20032DE6C /* Products */;
			projectDirPath = "";
			projectRoot = "";
			targets = (
				3DBD7D5F238A90E20032DE6C /* Instafilter */,
			);
		};
/* End PBXProject section */

/* Begin PBXResourcesBuildPhase section */
		3DBD7D5E238A90E20032DE6C /* Resources */ = {
			isa = PBXResourcesBuildPhase;
			buildActionMask = 2147483647;
			files = (
				3DBD7D70238A90E80032DE6C /* LaunchScreen.storyboard in Resources */,
				3DBD7D6D238A90E80032DE6C /* Preview Assets.xcassets in Resources */,
				3DBD7D6A238A90E80032DE6C /* Assets.xcassets in Resources */,
			);
			runOnlyForDeploymentPostprocessing = 0;
		};
/* End PBXResourcesBuildPhase section */

/* Begin PBXSourcesBuildPhase section */
		3DBD7D5C238A90E20032DE6C /* Sources */ = {
			isa = PBXSourcesBuildPhase;
			buildActionMask = 2147483647;
			files = (
				3D1234E6238E5B7200667B04 /* NewImagePicker.swift in Sources */,
				3DBD7D78238A92790032DE6C /* BlurredTextCustomBindingView.swift in Sources */,
				3DBD7D64238A90E20032DE6C /* AppDelegate.swift in Sources */,
				3DBD7D66238A90E20032DE6C /* SceneDelegate.swift in Sources */,
				3D9EB44A238C04A500B78332 /* ImagePicker.swift in Sources */,
				3D9EB44C238C074400B78332 /* ImagePickerView.swift in Sources */,
				3D9EB448238BBD4900B78332 /* CoreImageView.swift in Sources */,
				3D1234E92390111900667B04 /* NewImageSaver.swift in Sources */,
				3DBD7D68238A90E20032DE6C /* ContentView.swift in Sources */,
				3D57E667254D97A400DA53B4 /* BlurredTextViewBasic.swift in Sources */,
				3DBD7D7A238AB46C0032DE6C /* ActionSheetView.swift in Sources */,
			);
			runOnlyForDeploymentPostprocessing = 0;
		};
/* End PBXSourcesBuildPhase section */

/* Begin PBXVariantGroup section */
		3DBD7D6E238A90E80032DE6C /* LaunchScreen.storyboard */ = {
			isa = PBXVariantGroup;
			children = (
				3DBD7D6F238A90E80032DE6C /* Base */,
			);
			name = LaunchScreen.storyboard;
			sourceTree = "<group>";
		};
/* End PBXVariantGroup section */

/* Begin XCBuildConfiguration section */
		3DBD7D72238A90E80032DE6C /* Debug */ = {
			isa = XCBuildConfiguration;
			buildSettings = {
				ALWAYS_SEARCH_USER_PATHS = NO;
				CLANG_ANALYZER_NONNULL = YES;
				CLANG_ANALYZER_NUMBER_OBJECT_CONVERSION = YES_AGGRESSIVE;
				CLANG_CXX_LANGUAGE_STANDARD = "gnu++14";
				CLANG_CXX_LIBRARY = "libc++";
				CLANG_ENABLE_MODULES = YES;
				CLANG_ENABLE_OBJC_ARC = YES;
				CLANG_ENABLE_OBJC_WEAK = YES;
				CLANG_WARN_BLOCK_CAPTURE_AUTORELEASING = YES;
				CLANG_WARN_BOOL_CONVERSION = YES;
				CLANG_WARN_COMMA = YES;
				CLANG_WARN_CONSTANT_CONVERSION = YES;
				CLANG_WARN_DEPRECATED_OBJC_IMPLEMENTATIONS = YES;
				CLANG_WARN_DIRECT_OBJC_ISA_USAGE = YES_ERROR;
				CLANG_WARN_DOCUMENTATION_COMMENTS = YES;
				CLANG_WARN_EMPTY_BODY = YES;
				CLANG_WARN_ENUM_CONVERSION = YES;
				CLANG_WARN_INFINITE_RECURSION = YES;
				CLANG_WARN_INT_CONVERSION = YES;
				CLANG_WARN_NON_LITERAL_NULL_CONVERSION = YES;
				CLANG_WARN_OBJC_IMPLICIT_RETAIN_SELF = YES;
				CLANG_WARN_OBJC_LITERAL_CONVERSION = YES;
				CLANG_WARN_OBJC_ROOT_CLASS = YES_ERROR;
				CLANG_WARN_QUOTED_INCLUDE_IN_FRAMEWORK_HEADER = YES;
				CLANG_WARN_RANGE_LOOP_ANALYSIS = YES;
				CLANG_WARN_STRICT_PROTOTYPES = YES;
				CLANG_WARN_SUSPICIOUS_MOVE = YES;
				CLANG_WARN_UNGUARDED_AVAILABILITY = YES_AGGRESSIVE;
				CLANG_WARN_UNREACHABLE_CODE = YES;
				CLANG_WARN__DUPLICATE_METHOD_MATCH = YES;
				COPY_PHASE_STRIP = NO;
				DEBUG_INFORMATION_FORMAT = dwarf;
				ENABLE_STRICT_OBJC_MSGSEND = YES;
				ENABLE_TESTABILITY = YES;
				GCC_C_LANGUAGE_STANDARD = gnu11;
				GCC_DYNAMIC_NO_PIC = NO;
				GCC_NO_COMMON_BLOCKS = YES;
				GCC_OPTIMIZATION_LEVEL = 0;
				GCC_PREPROCESSOR_DEFINITIONS = (
					"DEBUG=1",
					"$(inherited)",
				);
				GCC_WARN_64_TO_32_BIT_CONVERSION = YES;
				GCC_WARN_ABOUT_RETURN_TYPE = YES_ERROR;
				GCC_WARN_UNDECLARED_SELECTOR = YES;
				GCC_WARN_UNINITIALIZED_AUTOS = YES_AGGRESSIVE;
				GCC_WARN_UNUSED_FUNCTION = YES;
				GCC_WARN_UNUSED_VARIABLE = YES;
				IPHONEOS_DEPLOYMENT_TARGET = 13.2;
				MTL_ENABLE_DEBUG_INFO = INCLUDE_SOURCE;
				MTL_FAST_MATH = YES;
				ONLY_ACTIVE_ARCH = YES;
				SDKROOT = iphoneos;
				SWIFT_ACTIVE_COMPILATION_CONDITIONS = DEBUG;
				SWIFT_OPTIMIZATION_LEVEL = "-Onone";
			};
			name = Debug;
		};
		3DBD7D73238A90E80032DE6C /* Release */ = {
			isa = XCBuildConfiguration;
			buildSettings = {
				ALWAYS_SEARCH_USER_PATHS = NO;
				CLANG_ANALYZER_NONNULL = YES;
				CLANG_ANALYZER_NUMBER_OBJECT_CONVERSION = YES_AGGRESSIVE;
				CLANG_CXX_LANGUAGE_STANDARD = "gnu++14";
				CLANG_CXX_LIBRARY = "libc++";
				CLANG_ENABLE_MODULES = YES;
				CLANG_ENABLE_OBJC_ARC = YES;
				CLANG_ENABLE_OBJC_WEAK = YES;
				CLANG_WARN_BLOCK_CAPTURE_AUTORELEASING = YES;
				CLANG_WARN_BOOL_CONVERSION = YES;
				CLANG_WARN_COMMA = YES;
				CLANG_WARN_CONSTANT_CONVERSION = YES;
				CLANG_WARN_DEPRECATED_OBJC_IMPLEMENTATIONS = YES;
				CLANG_WARN_DIRECT_OBJC_ISA_USAGE = YES_ERROR;
				CLANG_WARN_DOCUMENTATION_COMMENTS = YES;
				CLANG_WARN_EMPTY_BODY = YES;
				CLANG_WARN_ENUM_CONVERSION = YES;
				CLANG_WARN_INFINITE_RECURSION = YES;
				CLANG_WARN_INT_CONVERSION = YES;
				CLANG_WARN_NON_LITERAL_NULL_CONVERSION = YES;
				CLANG_WARN_OBJC_IMPLICIT_RETAIN_SELF = YES;
				CLANG_WARN_OBJC_LITERAL_CONVERSION = YES;
				CLANG_WARN_OBJC_ROOT_CLASS = YES_ERROR;
				CLANG_WARN_QUOTED_INCLUDE_IN_FRAMEWORK_HEADER = YES;
				CLANG_WARN_RANGE_LOOP_ANALYSIS = YES;
				CLANG_WARN_STRICT_PROTOTYPES = YES;
				CLANG_WARN_SUSPICIOUS_MOVE = YES;
				CLANG_WARN_UNGUARDED_AVAILABILITY = YES_AGGRESSIVE;
				CLANG_WARN_UNREACHABLE_CODE = YES;
				CLANG_WARN__DUPLICATE_METHOD_MATCH = YES;
				COPY_PHASE_STRIP = NO;
				DEBUG_INFORMATION_FORMAT = "dwarf-with-dsym";
				ENABLE_NS_ASSERTIONS = NO;
				ENABLE_STRICT_OBJC_MSGSEND = YES;
				GCC_C_LANGUAGE_STANDARD = gnu11;
				GCC_NO_COMMON_BLOCKS = YES;
				GCC_WARN_64_TO_32_BIT_CONVERSION = YES;
				GCC_WARN_ABOUT_RETURN_TYPE = YES_ERROR;
				GCC_WARN_UNDECLARED_SELECTOR = YES;
				GCC_WARN_UNINITIALIZED_AUTOS = YES_AGGRESSIVE;
				GCC_WARN_UNUSED_FUNCTION = YES;
				GCC_WARN_UNUSED_VARIABLE = YES;
				IPHONEOS_DEPLOYMENT_TARGET = 13.2;
				MTL_ENABLE_DEBUG_INFO = NO;
				MTL_FAST_MATH = YES;
				SDKROOT = iphoneos;
				SWIFT_COMPILATION_MODE = wholemodule;
				SWIFT_OPTIMIZATION_LEVEL = "-O";
				VALIDATE_PRODUCT = YES;
			};
			name = Release;
		};
		3DBD7D75238A90E80032DE6C /* Debug */ = {
			isa = XCBuildConfiguration;
			buildSettings = {
				ASSETCATALOG_COMPILER_APPICON_NAME = AppIcon;
				CODE_SIGN_STYLE = Automatic;
				DEVELOPMENT_ASSET_PATHS = "\"Instafilter/Preview Content\"";
				DEVELOPMENT_TEAM = 59Z74V5XPZ;
				ENABLE_PREVIEWS = YES;
				INFOPLIST_FILE = Instafilter/Info.plist;
				LD_RUNPATH_SEARCH_PATHS = (
					"$(inherited)",
					"@executable_path/Frameworks",
				);
				PRODUCT_BUNDLE_IDENTIFIER = com.mrstroppy.Instafilter;
				PRODUCT_NAME = "$(TARGET_NAME)";
				SWIFT_VERSION = 5.0;
				TARGETED_DEVICE_FAMILY = "1,2";
			};
			name = Debug;
		};
		3DBD7D76238A90E80032DE6C /* Release */ = {
			isa = XCBuildConfiguration;
			buildSettings = {
				ASSETCATALOG_COMPILER_APPICON_NAME = AppIcon;
				CODE_SIGN_STYLE = Automatic;
				DEVELOPMENT_ASSET_PATHS = "\"Instafilter/Preview Content\"";
				DEVELOPMENT_TEAM = 59Z74V5XPZ;
				ENABLE_PREVIEWS = YES;
				INFOPLIST_FILE = Instafilter/Info.plist;
				LD_RUNPATH_SEARCH_PATHS = (
					"$(inherited)",
					"@executable_path/Frameworks",
				);
				PRODUCT_BUNDLE_IDENTIFIER = com.mrstroppy.Instafilter;
				PRODUCT_NAME = "$(TARGET_NAME)";
				SWIFT_VERSION = 5.0;
				TARGETED_DEVICE_FAMILY = "1,2";
			};
			name = Release;
		};
/* End XCBuildConfiguration section */

/* Begin XCConfigurationList section */
		3DBD7D5B238A90E20032DE6C /* Build configuration list for PBXProject "Instafilter" */ = {
			isa = XCConfigurationList;
			buildConfigurations = (
				3DBD7D72238A90E80032DE6C /* Debug */,
				3DBD7D73238A90E80032DE6C /* Release */,
			);
			defaultConfigurationIsVisible = 0;
			defaultConfigurationName = Release;
		};
		3DBD7D74238A90E80032DE6C /* Build configuration list for PBXNativeTarget "Instafilter" */ = {
			isa = XCConfigurationList;
			buildConfigurations = (
				3DBD7D75238A90E80032DE6C /* Debug */,
				3DBD7D76238A90E80032DE6C /* Release */,
			);
			defaultConfigurationIsVisible = 0;
			defaultConfigurationName = Release;
		};
/* End XCConfigurationList section */
	};
	rootObject = 3DBD7D58238A90E20032DE6C /* Project object */;
}
