// !$*UTF8*$!
{
	archiveVersion = 1;
	classes = {
	};
	objectVersion = 50;
	objects = {

/* Begin PBXBuildFile section */
		3DC0A0BC239A488F00C06B6E /* AppDelegate.swift in Sources */ = {isa = PBXBuildFile; fileRef = 3DC0A0BB239A488F00C06B6E /* AppDelegate.swift */; };
		3DC0A0BE239A488F00C06B6E /* SceneDelegate.swift in Sources */ = {isa = PBXBuildFile; fileRef = 3DC0A0BD239A488F00C06B6E /* SceneDelegate.swift */; };
		3DC0A0C0239A488F00C06B6E /* ContentView.swift in Sources */ = {isa = PBXBuildFile; fileRef = 3DC0A0BF239A488F00C06B6E /* ContentView.swift */; };
		3DC0A0C2239A489500C06B6E /* Assets.xcassets in Resources */ = {isa = PBXBuildFile; fileRef = 3DC0A0C1239A489500C06B6E /* Assets.xcassets */; };
		3DC0A0C5239A489500C06B6E /* Preview Assets.xcassets in Resources */ = {isa = PBXBuildFile; fileRef = 3DC0A0C4239A489500C06B6E /* Preview Assets.xcassets */; };
		3DC0A0C8239A489500C06B6E /* LaunchScreen.storyboard in Resources */ = {isa = PBXBuildFile; fileRef = 3DC0A0C6239A489500C06B6E /* LaunchScreen.storyboard */; };
		3DC0A0D0239AD6DF00C06B6E /* StepperView.swift in Sources */ = {isa = PBXBuildFile; fileRef = 3DC0A0CF239AD6DF00C06B6E /* StepperView.swift */; };
		3DC0A0D2239BB95400C06B6E /* TextViews.swift in Sources */ = {isa = PBXBuildFile; fileRef = 3DC0A0D1239BB95400C06B6E /* TextViews.swift */; };
/* End PBXBuildFile section */

/* Begin PBXFileReference section */
		3DC0A0B8239A488F00C06B6E /* Accessibility.app */ = {isa = PBXFileReference; explicitFileType = wrapper.application; includeInIndex = 0; path = Accessibility.app; sourceTree = BUILT_PRODUCTS_DIR; };
		3DC0A0BB239A488F00C06B6E /* AppDelegate.swift */ = {isa = PBXFileReference; lastKnownFileType = sourcecode.swift; path = AppDelegate.swift; sourceTree = "<group>"; };
		3DC0A0BD239A488F00C06B6E /* SceneDelegate.swift */ = {isa = PBXFileReference; lastKnownFileType = sourcecode.swift; path = SceneDelegate.swift; sourceTree = "<group>"; };
		3DC0A0BF239A488F00C06B6E /* ContentView.swift */ = {isa = PBXFileReference; lastKnownFileType = sourcecode.swift; path = ContentView.swift; sourceTree = "<group>"; };
		3DC0A0C1239A489500C06B6E /* Assets.xcassets */ = {isa = PBXFileReference; lastKnownFileType = folder.assetcatalog; path = Assets.xcassets; sourceTree = "<group>"; };
		3DC0A0C4239A489500C06B6E /* Preview Assets.xcassets */ = {isa = PBXFileReference; lastKnownFileType = folder.assetcatalog; path = "Preview Assets.xcassets"; sourceTree = "<group>"; };
		3DC0A0C7239A489500C06B6E /* Base */ = {isa = PBXFileReference; lastKnownFileType = file.storyboard; name = Base; path = Base.lproj/LaunchScreen.storyboard; sourceTree = "<group>"; };
		3DC0A0C9239A489500C06B6E /* Info.plist */ = {isa = PBXFileReference; lastKnownFileType = text.plist.xml; path = Info.plist; sourceTree = "<group>"; };
		3DC0A0CF239AD6DF00C06B6E /* StepperView.swift */ = {isa = PBXFileReference; lastKnownFileType = sourcecode.swift; path = StepperView.swift; sourceTree = "<group>"; };
		3DC0A0D1239BB95400C06B6E /* TextViews.swift */ = {isa = PBXFileReference; lastKnownFileType = sourcecode.swift; path = TextViews.swift; sourceTree = "<group>"; };
/* End PBXFileReference section */

/* Begin PBXFrameworksBuildPhase section */
		3DC0A0B5239A488E00C06B6E /* Frameworks */ = {
			isa = PBXFrameworksBuildPhase;
			buildActionMask = 2147483647;
			files = (
			);
			runOnlyForDeploymentPostprocessing = 0;
		};
/* End PBXFrameworksBuildPhase section */

/* Begin PBXGroup section */
		3DC0A0AF239A488E00C06B6E = {
			isa = PBXGroup;
			children = (
				3DC0A0BA239A488F00C06B6E /* Accessibility */,
				3DC0A0B9239A488F00C06B6E /* Products */,
			);
			sourceTree = "<group>";
		};
		3DC0A0B9239A488F00C06B6E /* Products */ = {
			isa = PBXGroup;
			children = (
				3DC0A0B8239A488F00C06B6E /* Accessibility.app */,
			);
			name = Products;
			sourceTree = "<group>";
		};
		3DC0A0BA239A488F00C06B6E /* Accessibility */ = {
			isa = PBXGroup;
			children = (
				3DC0A0BF239A488F00C06B6E /* ContentView.swift */,
				3DC0A0D1239BB95400C06B6E /* TextViews.swift */,
				3DC0A0CF239AD6DF00C06B6E /* StepperView.swift */,
				3DC0A0C1239A489500C06B6E /* Assets.xcassets */,
				3DC0A0BB239A488F00C06B6E /* AppDelegate.swift */,
				3DC0A0BD239A488F00C06B6E /* SceneDelegate.swift */,
				3DC0A0C6239A489500C06B6E /* LaunchScreen.storyboard */,
				3DC0A0C9239A489500C06B6E /* Info.plist */,
				3DC0A0C3239A489500C06B6E /* Preview Content */,
			);
			path = Accessibility;
			sourceTree = "<group>";
		};
		3DC0A0C3239A489500C06B6E /* Preview Content */ = {
			isa = PBXGroup;
			children = (
				3DC0A0C4239A489500C06B6E /* Preview Assets.xcassets */,
			);
			path = "Preview Content";
			sourceTree = "<group>";
		};
/* End PBXGroup section */

/* Begin PBXNativeTarget section */
		3DC0A0B7239A488E00C06B6E /* Accessibility */ = {
			isa = PBXNativeTarget;
			buildConfigurationList = 3DC0A0CC239A489500C06B6E /* Build configuration list for PBXNativeTarget "Accessibility" */;
			buildPhases = (
				3DC0A0B4239A488E00C06B6E /* Sources */,
				3DC0A0B5239A488E00C06B6E /* Frameworks */,
				3DC0A0B6239A488E00C06B6E /* Resources */,
			);
			buildRules = (
			);
			dependencies = (
			);
			name = Accessibility;
			productName = Accessibility;
			productReference = 3DC0A0B8239A488F00C06B6E /* Accessibility.app */;
			productType = "com.apple.product-type.application";
		};
/* End PBXNativeTarget section */

/* Begin PBXProject section */
		3DC0A0B0239A488E00C06B6E /* Project object */ = {
			isa = PBXProject;
			attributes = {
				LastSwiftUpdateCheck = 1120;
				LastUpgradeCheck = 1120;
				ORGANIZATIONNAME = "William Spanfelner";
				TargetAttributes = {
					3DC0A0B7239A488E00C06B6E = {
						CreatedOnToolsVersion = 11.2.1;
					};
				};
			};
			buildConfigurationList = 3DC0A0B3239A488E00C06B6E /* Build configuration list for PBXProject "Accessibility" */;
			compatibilityVersion = "Xcode 9.3";
			developmentRegion = en;
			hasScannedForEncodings = 0;
			knownRegions = (
				en,
				Base,
			);
			mainGroup = 3DC0A0AF239A488E00C06B6E;
			productRefGroup = 3DC0A0B9239A488F00C06B6E /* Products */;
			projectDirPath = "";
			projectRoot = "";
			targets = (
				3DC0A0B7239A488E00C06B6E /* Accessibility */,
			);
		};
/* End PBXProject section */

/* Begin PBXResourcesBuildPhase section */
		3DC0A0B6239A488E00C06B6E /* Resources */ = {
			isa = PBXResourcesBuildPhase;
			buildActionMask = 2147483647;
			files = (
				3DC0A0C8239A489500C06B6E /* LaunchScreen.storyboard in Resources */,
				3DC0A0C5239A489500C06B6E /* Preview Assets.xcassets in Resources */,
				3DC0A0C2239A489500C06B6E /* Assets.xcassets in Resources */,
			);
			runOnlyForDeploymentPostprocessing = 0;
		};
/* End PBXResourcesBuildPhase section */

/* Begin PBXSourcesBuildPhase section */
		3DC0A0B4239A488E00C06B6E /* Sources */ = {
			isa = PBXSourcesBuildPhase;
			buildActionMask = 2147483647;
			files = (
				3DC0A0BC239A488F00C06B6E /* AppDelegate.swift in Sources */,
				3DC0A0BE239A488F00C06B6E /* SceneDelegate.swift in Sources */,
				3DC0A0D0239AD6DF00C06B6E /* StepperView.swift in Sources */,
				3DC0A0D2239BB95400C06B6E /* TextViews.swift in Sources */,
				3DC0A0C0239A488F00C06B6E /* ContentView.swift in Sources */,
			);
			runOnlyForDeploymentPostprocessing = 0;
		};
/* End PBXSourcesBuildPhase section */

/* Begin PBXVariantGroup section */
		3DC0A0C6239A489500C06B6E /* LaunchScreen.storyboard */ = {
			isa = PBXVariantGroup;
			children = (
				3DC0A0C7239A489500C06B6E /* Base */,
			);
			name = LaunchScreen.storyboard;
			sourceTree = "<group>";
		};
/* End PBXVariantGroup section */

/* Begin XCBuildConfiguration section */
		3DC0A0CA239A489500C06B6E /* Debug */ = {
			isa = XCBuildConfiguration;
			buildSettings = {
				ALWAYS_SEARCH_USER_PATHS = NO;
				CLANG_ANALYZER_NONNULL = YES;
				CLANG_ANALYZER_NUMBER_OBJECT_CONVERSION = YES_AGGRESSIVE;
				CLANG_CXX_LANGUAGE_STANDARD = "gnu++14";
				CLANG_CXX_LIBRARY = "libc++";
				CLANG_ENABLE_MODULES = YES;
				CLANG_ENABLE_OBJC_ARC = YES;
				CLANG_ENABLE_OBJC_WEAK = YES;
				CLANG_WARN_BLOCK_CAPTURE_AUTORELEASING = YES;
				CLANG_WARN_BOOL_CONVERSION = YES;
				CLANG_WARN_COMMA = YES;
				CLANG_WARN_CONSTANT_CONVERSION = YES;
				CLANG_WARN_DEPRECATED_OBJC_IMPLEMENTATIONS = YES;
				CLANG_WARN_DIRECT_OBJC_ISA_USAGE = YES_ERROR;
				CLANG_WARN_DOCUMENTATION_COMMENTS = YES;
				CLANG_WARN_EMPTY_BODY = YES;
				CLANG_WARN_ENUM_CONVERSION = YES;
				CLANG_WARN_INFINITE_RECURSION = YES;
				CLANG_WARN_INT_CONVERSION = YES;
				CLANG_WARN_NON_LITERAL_NULL_CONVERSION = YES;
				CLANG_WARN_OBJC_IMPLICIT_RETAIN_SELF = YES;
				CLANG_WARN_OBJC_LITERAL_CONVERSION = YES;
				CLANG_WARN_OBJC_ROOT_CLASS = YES_ERROR;
				CLANG_WARN_RANGE_LOOP_ANALYSIS = YES;
				CLANG_WARN_STRICT_PROTOTYPES = YES;
				CLANG_WARN_SUSPICIOUS_MOVE = YES;
				CLANG_WARN_UNGUARDED_AVAILABILITY = YES_AGGRESSIVE;
				CLANG_WARN_UNREACHABLE_CODE = YES;
				CLANG_WARN__DUPLICATE_METHOD_MATCH = YES;
				COPY_PHASE_STRIP = NO;
				DEBUG_INFORMATION_FORMAT = dwarf;
				ENABLE_STRICT_OBJC_MSGSEND = YES;
				ENABLE_TESTABILITY = YES;
				GCC_C_LANGUAGE_STANDARD = gnu11;
				GCC_DYNAMIC_NO_PIC = NO;
				GCC_NO_COMMON_BLOCKS = YES;
				GCC_OPTIMIZATION_LEVEL = 0;
				GCC_PREPROCESSOR_DEFINITIONS = (
					"DEBUG=1",
					"$(inherited)",
				);
				GCC_WARN_64_TO_32_BIT_CONVERSION = YES;
				GCC_WARN_ABOUT_RETURN_TYPE = YES_ERROR;
				GCC_WARN_UNDECLARED_SELECTOR = YES;
				GCC_WARN_UNINITIALIZED_AUTOS = YES_AGGRESSIVE;
				GCC_WARN_UNUSED_FUNCTION = YES;
				GCC_WARN_UNUSED_VARIABLE = YES;
				IPHONEOS_DEPLOYMENT_TARGET = 13.2;
				MTL_ENABLE_DEBUG_INFO = INCLUDE_SOURCE;
				MTL_FAST_MATH = YES;
				ONLY_ACTIVE_ARCH = YES;
				SDKROOT = iphoneos;
				SWIFT_ACTIVE_COMPILATION_CONDITIONS = DEBUG;
				SWIFT_OPTIMIZATION_LEVEL = "-Onone";
			};
			name = Debug;
		};
		3DC0A0CB239A489500C06B6E /* Release */ = {
			isa = XCBuildConfiguration;
			buildSettings = {
				ALWAYS_SEARCH_USER_PATHS = NO;
				CLANG_ANALYZER_NONNULL = YES;
				CLANG_ANALYZER_NUMBER_OBJECT_CONVERSION = YES_AGGRESSIVE;
				CLANG_CXX_LANGUAGE_STANDARD = "gnu++14";
				CLANG_CXX_LIBRARY = "libc++";
				CLANG_ENABLE_MODULES = YES;
				CLANG_ENABLE_OBJC_ARC = YES;
				CLANG_ENABLE_OBJC_WEAK = YES;
				CLANG_WARN_BLOCK_CAPTURE_AUTORELEASING = YES;
				CLANG_WARN_BOOL_CONVERSION = YES;
				CLANG_WARN_COMMA = YES;
				CLANG_WARN_CONSTANT_CONVERSION = YES;
				CLANG_WARN_DEPRECATED_OBJC_IMPLEMENTATIONS = YES;
				CLANG_WARN_DIRECT_OBJC_ISA_USAGE = YES_ERROR;
				CLANG_WARN_DOCUMENTATION_COMMENTS = YES;
				CLANG_WARN_EMPTY_BODY = YES;
				CLANG_WARN_ENUM_CONVERSION = YES;
				CLANG_WARN_INFINITE_RECURSION = YES;
				CLANG_WARN_INT_CONVERSION = YES;
				CLANG_WARN_NON_LITERAL_NULL_CONVERSION = YES;
				CLANG_WARN_OBJC_IMPLICIT_RETAIN_SELF = YES;
				CLANG_WARN_OBJC_LITERAL_CONVERSION = YES;
				CLANG_WARN_OBJC_ROOT_CLASS = YES_ERROR;
				CLANG_WARN_RANGE_LOOP_ANALYSIS = YES;
				CLANG_WARN_STRICT_PROTOTYPES = YES;
				CLANG_WARN_SUSPICIOUS_MOVE = YES;
				CLANG_WARN_UNGUARDED_AVAILABILITY = YES_AGGRESSIVE;
				CLANG_WARN_UNREACHABLE_CODE = YES;
				CLANG_WARN__DUPLICATE_METHOD_MATCH = YES;
				COPY_PHASE_STRIP = NO;
				DEBUG_INFORMATION_FORMAT = "dwarf-with-dsym";
				ENABLE_NS_ASSERTIONS = NO;
				ENABLE_STRICT_OBJC_MSGSEND = YES;
				GCC_C_LANGUAGE_STANDARD = gnu11;
				GCC_NO_COMMON_BLOCKS = YES;
				GCC_WARN_64_TO_32_BIT_CONVERSION = YES;
				GCC_WARN_ABOUT_RETURN_TYPE = YES_ERROR;
				GCC_WARN_UNDECLARED_SELECTOR = YES;
				GCC_WARN_UNINITIALIZED_AUTOS = YES_AGGRESSIVE;
				GCC_WARN_UNUSED_FUNCTION = YES;
				GCC_WARN_UNUSED_VARIABLE = YES;
				IPHONEOS_DEPLOYMENT_TARGET = 13.2;
				MTL_ENABLE_DEBUG_INFO = NO;
				MTL_FAST_MATH = YES;
				SDKROOT = iphoneos;
				SWIFT_COMPILATION_MODE = wholemodule;
				SWIFT_OPTIMIZATION_LEVEL = "-O";
				VALIDATE_PRODUCT = YES;
			};
			name = Release;
		};
		3DC0A0CD239A489500C06B6E /* Debug */ = {
			isa = XCBuildConfiguration;
			buildSettings = {
				ASSETCATALOG_COMPILER_APPICON_NAME = AppIcon;
				CODE_SIGN_STYLE = Automatic;
				DEVELOPMENT_ASSET_PATHS = "\"Accessibility/Preview Content\"";
				DEVELOPMENT_TEAM = 59Z74V5XPZ;
				ENABLE_PREVIEWS = YES;
				INFOPLIST_FILE = Accessibility/Info.plist;
				LD_RUNPATH_SEARCH_PATHS = (
					"$(inherited)",
					"@executable_path/Frameworks",
				);
				PRODUCT_BUNDLE_IDENTIFIER = com.mrstroppy.Accessibility;
				PRODUCT_NAME = "$(TARGET_NAME)";
				SWIFT_VERSION = 5.0;
				TARGETED_DEVICE_FAMILY = "1,2";
			};
			name = Debug;
		};
		3DC0A0CE239A489500C06B6E /* Release */ = {
			isa = XCBuildConfiguration;
			buildSettings = {
				ASSETCATALOG_COMPILER_APPICON_NAME = AppIcon;
				CODE_SIGN_STYLE = Automatic;
				DEVELOPMENT_ASSET_PATHS = "\"Accessibility/Preview Content\"";
				DEVELOPMENT_TEAM = 59Z74V5XPZ;
				ENABLE_PREVIEWS = YES;
				INFOPLIST_FILE = Accessibility/Info.plist;
				LD_RUNPATH_SEARCH_PATHS = (
					"$(inherited)",
					"@executable_path/Frameworks",
				);
				PRODUCT_BUNDLE_IDENTIFIER = com.mrstroppy.Accessibility;
				PRODUCT_NAME = "$(TARGET_NAME)";
				SWIFT_VERSION = 5.0;
				TARGETED_DEVICE_FAMILY = "1,2";
			};
			name = Release;
		};
/* End XCBuildConfiguration section */

/* Begin XCConfigurationList section */
		3DC0A0B3239A488E00C06B6E /* Build configuration list for PBXProject "Accessibility" */ = {
			isa = XCConfigurationList;
			buildConfigurations = (
				3DC0A0CA239A489500C06B6E /* Debug */,
				3DC0A0CB239A489500C06B6E /* Release */,
			);
			defaultConfigurationIsVisible = 0;
			defaultConfigurationName = Release;
		};
		3DC0A0CC239A489500C06B6E /* Build configuration list for PBXNativeTarget "Accessibility" */ = {
			isa = XCConfigurationList;
			buildConfigurations = (
				3DC0A0CD239A489500C06B6E /* Debug */,
				3DC0A0CE239A489500C06B6E /* Release */,
			);
			defaultConfigurationIsVisible = 0;
			defaultConfigurationName = Release;
		};
/* End XCConfigurationList section */
	};
	rootObject = 3DC0A0B0239A488E00C06B6E /* Project object */;
}
